{
  "name": "SleepyEthicalArtificialintelligence",
  "version": "1.0.0",
  "lockfileVersion": 1,
  "requires": true,
  "dependencies": {
    "detect-indent": {
      "version": "6.0.0",
      "resolved": "https://registry.npmjs.org/detect-indent/-/detect-indent-6.0.0.tgz",
      "integrity": "sha512-oSyFlqaTHCItVRGK5RmrmjB+CmaMOW7IaNA/kdxqhoa6d17j/5ce9O9eWXmV/KEdRwqpQA+Vqe8a8Bsybu4YnA=="
    },
    "docopt": {
      "version": "0.6.2",
      "resolved": "https://registry.npmjs.org/docopt/-/docopt-0.6.2.tgz",
      "integrity": "sha1-so6eIiDaXsSffqW7JKR3h0Be6xE="
    },
    "dot-json": {
      "version": "1.2.1",
      "resolved": "https://registry.npmjs.org/dot-json/-/dot-json-1.2.1.tgz",
      "integrity": "sha512-sHtCsDBBzhTUFhS12cAvUbP9JTr59LLNxnpNr6dlgbjZlN+nrWFs+uHXgsJvFmc5HoMFR4e60rdqd+GdSUlM3w==",
      "requires": {
        "detect-indent": "~6.0.0",
        "docopt": "~0.6.2",
        "underscore-keypath": "~0.0.22"
      }
    },
    "kahoot.js-updated": {
      "version": "2.2.1",
      "resolved": "https://registry.npmjs.org/kahoot.js-updated/-/kahoot.js-updated-2.2.1.tgz",
      "integrity": "sha512-Ua5vFWOozjUnKbKaE8IsVgzB9/KaeMGrbABWFswfccGeypVVhK4Bh4aRQqAlUs1n3gOXzcr3rS0w00obqKv/eQ==",
      "requires": {
        "user-agents": "^1.0.559",
        "ws": "^7.4.0"
      }
    },
    "lodash.clonedeep": {
      "version": "4.5.0",
      "resolved": "https://registry.npmjs.org/lodash.clonedeep/-/lodash.clonedeep-4.5.0.tgz",
      "integrity": "sha1-4j8/nE+Pvd6HJSnBBxhXoIblzO8="
    },
    "underscore": {
      "version": "1.12.0",
      "resolved": "https://registry.npmjs.org/underscore/-/underscore-1.12.0.tgz",
      "integrity": "sha512-21rQzss/XPMjolTiIezSu3JAjgagXKROtNrYFEOWK109qY1Uv2tVjPTZ1ci2HgvQDA16gHYSthQIJfB+XId/rQ=="
    },
    "underscore-keypath": {
      "version": "0.0.22",
      "resolved": "https://registry.npmjs.org/underscore-keypath/-/underscore-keypath-0.0.22.tgz",
      "integrity": "sha1-SKUoOSu278QkvhyqVtpLX6zPJk0=",
      "requires": {
        "underscore": "*"
      }
    },
    "user-agents": {
      "version": "1.0.559",
      "resolved": "https://registry.npmjs.org/user-agents/-/user-agents-1.0.559.tgz",
      "integrity": "sha512-HdAlNS3vDxOGMRwmv8or05xL96MV3CEwQhUSFTCRoOvTOEnWhTEBPAHRry/xZpVTTOtx77UHMal8YKcx6fs7Lg==",
      "requires": {
        "dot-json": "^1.2.0",
        "lodash.clonedeep": "^4.5.0"
      }
    },
    "ws": {
      "version": "7.4.1",
      "resolved": "https://registry.npmjs.org/ws/-/ws-7.4.1.tgz",
      "integrity": "sha512-pTsP8UAfhy3sk1lSk/O/s4tjD0CRwvMnzvwr4OKGX7ZvqZtUyx4KIJB5JWbkykPoc55tixMGgTNoh3k4FkNGFQ=="
    }
  }
}
